
Microsoft Visual Studio Solution File, Format Version 12.00
# Visual Studio Express 2012 for Web
Project("{FAE04EC0-301F-11D3-BF4B-00C04F79EFBC}") = "pitboss-portal-vs2012", "pitboss-portal-vs2012.csproj", "{DE219C64-2400-485E-9FC2-9FED02F25EC9}"
EndProject
Global
	GlobalSection(SolutionConfigurationPlatforms) = preSolution
		Debug|Any CPU = Debug|Any CPU
		Release|Any CPU = Release|Any CPU
	EndGlobalSection
	GlobalSection(ProjectConfigurationPlatforms) = postSolution
		{DE219C64-2400-485E-9FC2-9FED02F25EC9}.Debug|Any CPU.ActiveCfg = Debug|Any CPU
		{DE219C64-2400-485E-9FC2-9FED02F25EC9}.Debug|Any CPU.Build.0 = Debug|Any CPU
		{DE219C64-2400-485E-9FC2-9FED02F25EC9}.Release|Any CPU.ActiveCfg = Release|Any CPU
		{DE219C64-2400-485E-9FC2-9FED02F25EC9}.Release|Any CPU.Build.0 = Release|Any CPU
	EndGlobalSection
	GlobalSection(SolutionProperties) = preSolution
		HideSolutionNode = FALSE
	EndGlobalSection
EndGlobal
